<?xml version="1.0" encoding="utf-8"?>
<Project ToolsVersion="4.0" xmlns="http://schemas.microsoft.com/developer/msbuild/2003">
  <ItemGroup>
    <Filter Include="Source Files">
      <UniqueIdentifier>{4FC737F1-C7A5-4376-A066-2A32D752A2FF}</UniqueIdentifier>
      <Extensions>cpp;c;cc;cxx;def;odl;idl;hpj;bat;asm;asmx</Extensions>
    </Filter>
    <Filter Include="Header Files">
      <UniqueIdentifier>{93995380-89BD-4b04-88EB-625FBE52EBFB}</UniqueIdentifier>
      <Extensions>h;hh;hpp;hxx;hm;inl;inc;ipp;xsd</Extensions>
    </Filter>
    <Filter Include="Resource Files">
      <UniqueIdentifier>{67DA6AB6-F800-4c08-8B7A-83BB121AAD01}</UniqueIdentifier>
      <Extensions>rc;ico;cur;bmp;dlg;rc2;rct;bin;rgs;gif;jpg;jpeg;jpe;resx;tiff;tif;png;wav;mfcribbon-ms</Extensions>
    </Filter>
    <Filter Include="Resource Files\shaders">
      <UniqueIdentifier>{5ad07a34-4873-40fe-ab9b-1c064d213dc1}</UniqueIdentifier>
    </Filter>
    <Filter Include="Resource Files\shaders\ray-tracing">
      <UniqueIdentifier>{e59df557-dba6-4e26-8c6b-2ba9e38707e1}</UniqueIdentifier>
    </Filter>
    <Filter Include="Resource Files\shaders\ray-tracing\callable-test">
      <UniqueIdentifier>{74585cdf-790e-423c-a479-7f8c998d95cd}</UniqueIdentifier>
    </Filter>
    <Filter Include="Resource Files\shaders\ray-tracing\raytracing-shadow">
      <UniqueIdentifier>{c86cd8aa-521e-401a-a76d-26319ae888d3}</UniqueIdentifier>
    </Filter>
  </ItemGroup>
  <ItemGroup>
    <ClCompile Include="src\application.cpp">
      <Filter>Source Files</Filter>
    </ClCompile>
    <ClCompile Include="src\main.cpp">
      <Filter>Source Files</Filter>
    </ClCompile>
  </ItemGroup>
  <ItemGroup>
    <ClInclude Include="src\shaders\functions.glsl.h">
      <Filter>Resource Files\shaders</Filter>
    </ClInclude>
    <ClInclude Include="src\shaders\global_definition.glsl.h">
      <Filter>Resource Files\shaders</Filter>
    </ClInclude>
    <ClInclude Include="src\shaders\ibl.glsl.h">
      <Filter>Resource Files\shaders</Filter>
    </ClInclude>
    <ClInclude Include="src\shaders\noise.glsl.h">
      <Filter>Resource Files\shaders</Filter>
    </ClInclude>
    <ClInclude Include="src\shaders\punctual.glsl.h">
      <Filter>Resource Files\shaders</Filter>
    </ClInclude>
    <ClInclude Include="src\shaders\sun.glsl.h">
      <Filter>Resource Files\shaders</Filter>
    </ClInclude>
    <ClInclude Include="src\shaders\sunlight_scattering.glsl.h">
      <Filter>Resource Files\shaders</Filter>
    </ClInclude>
    <ClInclude Include="src\shaders\brdf.glsl.h">
      <Filter>Resource Files\shaders</Filter>
    </ClInclude>
    <ClInclude Include="src\application.h">
      <Filter>Header Files</Filter>
    </ClInclude>
    <ClInclude Include="src\shaders\tile_common.glsl.h">
      <Filter>Resource Files\shaders</Filter>
    </ClInclude>
    <ClInclude Include="src\shaders\weather_common.glsl.h">
      <Filter>Resource Files\shaders</Filter>
    </ClInclude>
    <ClInclude Include="src\shaders\sky_scattering_lut_common.glsl.h">
      <Filter>Resource Files\shaders</Filter>
    </ClInclude>
    <ClInclude Include="src\shaders\inoise.glsl.h">
      <Filter>Resource Files\shaders</Filter>
    </ClInclude>
  </ItemGroup>
  <ItemGroup>
    <None Include="src\shaders\cube_ibl.frag">
      <Filter>Resource Files\shaders</Filter>
    </None>
    <None Include="src\shaders\full_screen.vert">
      <Filter>Resource Files\shaders</Filter>
    </None>
    <None Include="src\shaders\ibl_smooth.comp">
      <Filter>Resource Files\shaders</Filter>
    </None>
    <None Include="src\shaders\skybox.frag">
      <Filter>Resource Files\shaders</Filter>
    </None>
    <None Include="src\shaders\skybox.vert">
      <Filter>Resource Files\shaders</Filter>
    </None>
    <None Include="src\shaders\tile.frag">
      <Filter>Resource Files\shaders</Filter>
    </None>
    <None Include="src\shaders\tile.vert">
      <Filter>Resource Files\shaders</Filter>
    </None>
    <None Include="src\shaders\base.frag">
      <Filter>Resource Files\shaders</Filter>
    </None>
    <None Include="src\shaders\base.vert">
      <Filter>Resource Files\shaders</Filter>
    </None>
    <None Include="src\shaders\cube_skybox.frag">
      <Filter>Resource Files\shaders</Filter>
    </None>
    <None Include="src\shaders\grass.comp">
      <Filter>Resource Files\shaders</Filter>
    </None>
    <None Include="src\shaders\grass.frag">
      <Filter>Resource Files\shaders</Filter>
    </None>
    <None Include="src\shaders\grass.geom">
      <Filter>Resource Files\shaders</Filter>
    </None>
    <None Include="src\shaders\grass.vert">
      <Filter>Resource Files\shaders</Filter>
    </None>
    <None Include="src\shaders\tile_creator.comp">
      <Filter>Resource Files\shaders</Filter>
    </None>
    <None Include="src\shaders\update_gltf_indirect_draw.comp">
      <Filter>Resource Files\shaders</Filter>
    </None>
    <None Include="src\shaders\update_game_objects.comp">
      <Filter>Resource Files\shaders</Filter>
    </None>
    <None Include="src\shaders\update_instance_buffer.comp">
      <Filter>Resource Files\shaders</Filter>
    </None>
    <None Include="src\shaders\tile_water.frag">
      <Filter>Resource Files\shaders</Filter>
    </None>
    <None Include="src\shaders\tile_update.comp">
      <Filter>Resource Files\shaders</Filter>
    </None>
    <None Include="src\shaders\tile_flow_update.comp">
      <Filter>Resource Files\shaders</Filter>
    </None>
    <None Include="src\shaders\airflow_update.comp">
      <Filter>Resource Files\shaders</Filter>
    </None>
    <None Include="src\shaders\debug_draw.vert">
      <Filter>Resource Files\shaders</Filter>
    </None>
    <None Include="src\shaders\debug_draw.frag">
      <Filter>Resource Files\shaders</Filter>
    </None>
    <None Include="src\shaders\temperature_init.comp">
      <Filter>Resource Files\shaders</Filter>
    </None>
    <None Include="src\shaders\render_volume_cloud.comp">
      <Filter>Resource Files\shaders</Filter>
    </None>
    <None Include="src\shaders\blur_image_x.comp">
      <Filter>Resource Files\shaders</Filter>
    </None>
    <None Include="src\shaders\blur_image_y_merge.comp">
      <Filter>Resource Files\shaders</Filter>
    </None>
    <None Include="src\shaders\sky_scattering_lut_first_pass.comp">
      <Filter>Resource Files\shaders</Filter>
    </None>
    <None Include="src\shaders\sky_scattering_lut_sum_pass.comp">
      <Filter>Resource Files\shaders</Filter>
    </None>
    <None Include="src\shaders\sky_scattering_lut_final_pass.comp">
      <Filter>Resource Files\shaders</Filter>
    </None>
    <None Include="src\shaders\cloud_shadow_init.comp">
      <Filter>Resource Files\shaders</Filter>
    </None>
    <None Include="src\shaders\cloud_shadow_merge.comp">
      <Filter>Resource Files\shaders</Filter>
    </None>
    <None Include="src\shaders\perlin_noise_init.comp">
      <Filter>Resource Files\shaders</Filter>
    </None>
    <None Include="src\shaders\update_camera.comp">
      <Filter>Resource Files\shaders</Filter>
    </None>
    <None Include="src\shaders\ray_tracing\callable_test\rt_callable3.rcall">
      <Filter>Resource Files\shaders\ray-tracing\callable-test</Filter>
    </None>
    <None Include="src\shaders\ray_tracing\callable_test\rt_closesthit.rchit">
      <Filter>Resource Files\shaders\ray-tracing\callable-test</Filter>
    </None>
    <None Include="src\shaders\ray_tracing\callable_test\rt_miss.rmiss">
      <Filter>Resource Files\shaders\ray-tracing\callable-test</Filter>
    </None>
    <None Include="src\shaders\ray_tracing\callable_test\rt_raygen.rgen">
      <Filter>Resource Files\shaders\ray-tracing\callable-test</Filter>
    </None>
    <None Include="src\shaders\ray_tracing\callable_test\rt_callable1.rcall">
      <Filter>Resource Files\shaders\ray-tracing\callable-test</Filter>
    </None>
    <None Include="src\shaders\ray_tracing\callable_test\rt_callable2.rcall">
      <Filter>Resource Files\shaders\ray-tracing\callable-test</Filter>
    </None>
    <None Include="src\shaders\ray_tracing\raytracing_shadow\rt_closesthit.rchit">
      <Filter>Resource Files\shaders\ray-tracing\raytracing-shadow</Filter>
    </None>
    <None Include="src\shaders\ray_tracing\raytracing_shadow\rt_miss.rmiss">
      <Filter>Resource Files\shaders\ray-tracing\raytracing-shadow</Filter>
    </None>
    <None Include="src\shaders\ray_tracing\raytracing_shadow\rt_raygen.rgen">
      <Filter>Resource Files\shaders\ray-tracing\raytracing-shadow</Filter>
    </None>
    <None Include="src\shaders\ray_tracing\raytracing_shadow\rt_shadow.rmiss">
      <Filter>Resource Files\shaders\ray-tracing\raytracing-shadow</Filter>
    </None>
  </ItemGroup>
</Project>