<?xml version="1.0" encoding="utf-8"?>
<Project ToolsVersion="4.0" xmlns="http://schemas.microsoft.com/developer/msbuild/2003">
  <ItemGroup>
    <Filter Include="Source Files">
      <UniqueIdentifier>{4FC737F1-C7A5-4376-A066-2A32D752A2FF}</UniqueIdentifier>
      <Extensions>cpp;c;cc;cxx;def;odl;idl;hpj;bat;asm;asmx</Extensions>
    </Filter>
    <Filter Include="Header Files">
      <UniqueIdentifier>{93995380-89BD-4b04-88EB-625FBE52EBFB}</UniqueIdentifier>
      <Extensions>h;hh;hpp;hxx;hm;inl;inc;ipp;xsd</Extensions>
    </Filter>
    <Filter Include="Resource Files">
      <UniqueIdentifier>{67DA6AB6-F800-4c08-8B7A-83BB121AAD01}</UniqueIdentifier>
      <Extensions>rc;ico;cur;bmp;dlg;rc2;rct;bin;rgs;gif;jpg;jpeg;jpe;resx;tiff;tif;png;wav;mfcribbon-ms</Extensions>
    </Filter>
    <Filter Include="Resource Files\shaders">
      <UniqueIdentifier>{5ad07a34-4873-40fe-ab9b-1c064d213dc1}</UniqueIdentifier>
    </Filter>
    <Filter Include="third_party">
      <UniqueIdentifier>{f447a24b-2185-4799-9a4c-0af52722d1c8}</UniqueIdentifier>
    </Filter>
    <Filter Include="third_party\imgui">
      <UniqueIdentifier>{1f419729-9e55-4c07-b7a8-8fe2837c7c6f}</UniqueIdentifier>
    </Filter>
    <Filter Include="Header Files\engine">
      <UniqueIdentifier>{be037b39-2e0f-4bb1-ace3-026ce913d64d}</UniqueIdentifier>
    </Filter>
    <Filter Include="Header Files\engine\renderer">
      <UniqueIdentifier>{0cf5f08b-065a-4674-9764-f698c2f73986}</UniqueIdentifier>
    </Filter>
    <Filter Include="Header Files\engine\renderer\vulkan">
      <UniqueIdentifier>{ca32d4a5-e68b-4d8c-8059-fc060af7ffcd}</UniqueIdentifier>
    </Filter>
    <Filter Include="Source Files\engine">
      <UniqueIdentifier>{b6c08477-0beb-47e7-a85e-9c41b210f9d9}</UniqueIdentifier>
    </Filter>
    <Filter Include="Source Files\engine\renderer">
      <UniqueIdentifier>{40d7a48a-9e78-4b03-9edf-44917ffecc0a}</UniqueIdentifier>
    </Filter>
    <Filter Include="Source Files\engine\renderer\vulkan">
      <UniqueIdentifier>{73cb4c92-dd34-4758-9021-041a11564313}</UniqueIdentifier>
    </Filter>
  </ItemGroup>
  <ItemGroup>
    <ClCompile Include="src\engine\renderer\vulkan\vk_command_buffer.cpp">
      <Filter>Source Files\engine\renderer\vulkan</Filter>
    </ClCompile>
    <ClCompile Include="src\engine\renderer\vulkan\vk_device.cpp">
      <Filter>Source Files\engine\renderer\vulkan</Filter>
    </ClCompile>
    <ClCompile Include="src\engine\renderer\vulkan\vk_renderer_helper.cpp">
      <Filter>Source Files\engine\renderer\vulkan</Filter>
    </ClCompile>
    <ClCompile Include="src\engine\renderer\renderer.cpp">
      <Filter>Source Files\engine\renderer</Filter>
    </ClCompile>
    <ClCompile Include="src\engine\gltf.cpp">
      <Filter>Source Files\engine</Filter>
    </ClCompile>
    <ClCompile Include="src\engine\terrain.cpp">
      <Filter>Source Files\engine</Filter>
    </ClCompile>
    <ClCompile Include="src\application.cpp">
      <Filter>Source Files</Filter>
    </ClCompile>
    <ClCompile Include="src\main.cpp">
      <Filter>Source Files</Filter>
    </ClCompile>
    <ClCompile Include="src\third_party\imgui\imgui_tables.cpp">
      <Filter>third_party\imgui</Filter>
    </ClCompile>
    <ClCompile Include="src\third_party\imgui\imgui_widgets.cpp">
      <Filter>third_party\imgui</Filter>
    </ClCompile>
    <ClCompile Include="src\third_party\imgui\imgui.cpp">
      <Filter>third_party\imgui</Filter>
    </ClCompile>
    <ClCompile Include="src\third_party\imgui\imgui_draw.cpp">
      <Filter>third_party\imgui</Filter>
    </ClCompile>
    <ClCompile Include="src\third_party\imgui\backends\imgui_impl_glfw.cpp">
      <Filter>third_party\imgui</Filter>
    </ClCompile>
    <ClCompile Include="src\third_party\imgui\backends\imgui_impl_vulkan.cpp">
      <Filter>third_party\imgui</Filter>
    </ClCompile>
    <ClCompile Include="src\engine\renderer\renderer_helper.cpp">
      <Filter>Source Files\engine\renderer</Filter>
    </ClCompile>
    <ClCompile Include="src\engine\engine_helper.cpp">
      <Filter>Source Files\engine</Filter>
    </ClCompile>
  </ItemGroup>
  <ItemGroup>
    <ClInclude Include="src\shaders\functions.glsl.h">
      <Filter>Resource Files\shaders</Filter>
    </ClInclude>
    <ClInclude Include="src\shaders\global_definition.glsl.h">
      <Filter>Resource Files\shaders</Filter>
    </ClInclude>
    <ClInclude Include="src\shaders\ibl.glsl.h">
      <Filter>Resource Files\shaders</Filter>
    </ClInclude>
    <ClInclude Include="src\shaders\noise.glsl.h">
      <Filter>Resource Files\shaders</Filter>
    </ClInclude>
    <ClInclude Include="src\shaders\punctual.glsl.h">
      <Filter>Resource Files\shaders</Filter>
    </ClInclude>
    <ClInclude Include="src\shaders\sun.glsl.h">
      <Filter>Resource Files\shaders</Filter>
    </ClInclude>
    <ClInclude Include="src\shaders\sunlight_scattering.glsl.h">
      <Filter>Resource Files\shaders</Filter>
    </ClInclude>
    <ClInclude Include="src\shaders\brdf.glsl.h">
      <Filter>Resource Files\shaders</Filter>
    </ClInclude>
    <ClInclude Include="src\engine\renderer\vulkan\vk_command_buffer.h">
      <Filter>Header Files\engine\renderer\vulkan</Filter>
    </ClInclude>
    <ClInclude Include="src\engine\renderer\vulkan\vk_device.h">
      <Filter>Header Files\engine\renderer\vulkan</Filter>
    </ClInclude>
    <ClInclude Include="src\engine\renderer\vulkan\vk_physical_device.h">
      <Filter>Header Files\engine\renderer\vulkan</Filter>
    </ClInclude>
    <ClInclude Include="src\engine\renderer\vulkan\vk_renderer_helper.h">
      <Filter>Header Files\engine\renderer\vulkan</Filter>
    </ClInclude>
    <ClInclude Include="src\engine\renderer\command_buffer.h">
      <Filter>Header Files\engine\renderer</Filter>
    </ClInclude>
    <ClInclude Include="src\engine\renderer\device.h">
      <Filter>Header Files\engine\renderer</Filter>
    </ClInclude>
    <ClInclude Include="src\engine\renderer\physical_device.h">
      <Filter>Header Files\engine\renderer</Filter>
    </ClInclude>
    <ClInclude Include="src\engine\renderer\renderer.h">
      <Filter>Header Files\engine\renderer</Filter>
    </ClInclude>
    <ClInclude Include="src\engine\renderer\renderer_definition.h">
      <Filter>Header Files\engine\renderer</Filter>
    </ClInclude>
    <ClInclude Include="src\engine\renderer\renderer_structs.h">
      <Filter>Header Files\engine\renderer</Filter>
    </ClInclude>
    <ClInclude Include="src\engine\gltf.h">
      <Filter>Header Files\engine</Filter>
    </ClInclude>
    <ClInclude Include="src\engine\terrain.h">
      <Filter>Header Files\engine</Filter>
    </ClInclude>
    <ClInclude Include="src\engine\tiny_mtx2.h">
      <Filter>Header Files\engine</Filter>
    </ClInclude>
    <ClInclude Include="src\application.h">
      <Filter>Header Files</Filter>
    </ClInclude>
    <ClInclude Include="src\third_party\imgui\imgui_internal.h">
      <Filter>third_party\imgui</Filter>
    </ClInclude>
    <ClInclude Include="src\third_party\imgui\imconfig.h">
      <Filter>third_party\imgui</Filter>
    </ClInclude>
    <ClInclude Include="src\third_party\imgui\imgui.h">
      <Filter>third_party\imgui</Filter>
    </ClInclude>
    <ClInclude Include="src\shaders\tile_common.glsl.h">
      <Filter>Resource Files\shaders</Filter>
    </ClInclude>
    <ClInclude Include="src\engine\renderer\renderer_helper.h">
      <Filter>Header Files\engine\renderer</Filter>
    </ClInclude>
    <ClInclude Include="src\engine\engine_helper.h">
      <Filter>Header Files\engine</Filter>
    </ClInclude>
  </ItemGroup>
  <ItemGroup>
    <None Include="src\shaders\cube_ibl.frag">
      <Filter>Resource Files\shaders</Filter>
    </None>
    <None Include="src\shaders\cube.vert">
      <Filter>Resource Files\shaders</Filter>
    </None>
    <None Include="src\shaders\ibl_smooth.comp">
      <Filter>Resource Files\shaders</Filter>
    </None>
    <None Include="src\shaders\skybox.frag">
      <Filter>Resource Files\shaders</Filter>
    </None>
    <None Include="src\shaders\skybox.vert">
      <Filter>Resource Files\shaders</Filter>
    </None>
    <None Include="src\shaders\tile.frag">
      <Filter>Resource Files\shaders</Filter>
    </None>
    <None Include="src\shaders\tile.vert">
      <Filter>Resource Files\shaders</Filter>
    </None>
    <None Include="src\shaders\base.frag">
      <Filter>Resource Files\shaders</Filter>
    </None>
    <None Include="src\shaders\base.vert">
      <Filter>Resource Files\shaders</Filter>
    </None>
    <None Include="src\shaders\glsl_compile.bat">
      <Filter>Resource Files\shaders</Filter>
    </None>
    <None Include="src\shaders\cube_skybox.frag">
      <Filter>Resource Files\shaders</Filter>
    </None>
    <None Include="src\shaders\grass.comp">
      <Filter>Resource Files\shaders</Filter>
    </None>
    <None Include="src\shaders\grass.frag">
      <Filter>Resource Files\shaders</Filter>
    </None>
    <None Include="src\shaders\grass.geom">
      <Filter>Resource Files\shaders</Filter>
    </None>
    <None Include="src\shaders\grass.vert">
      <Filter>Resource Files\shaders</Filter>
    </None>
    <None Include="src\shaders\tile_creator.comp">
      <Filter>Resource Files\shaders</Filter>
    </None>
  </ItemGroup>
</Project>